
Microsoft Visual Studio Solution File, Format Version 12.00
# Visual Studio Version 16
VisualStudioVersion = 16.0.30907.101
MinimumVisualStudioVersion = 10.0.40219.1
Project("{9A19103F-16F7-4668-BE54-9A1E7A4F7556}") = "PDFeditor", "PDFeditor\PDFeditor.csproj", "{19F269CD-FE24-4D16-808F-6DC09611A29B}"
EndProject
Global
	GlobalSection(SolutionConfigurationPlatforms) = preSolution
		Debug|Any CPU = Debug|Any CPU
		Release|Any CPU = Release|Any CPU
	EndGlobalSection
	GlobalSection(ProjectConfigurationPlatforms) = postSolution
		{19F269CD-FE24-4D16-808F-6DC09611A29B}.Debug|Any CPU.ActiveCfg = Debug|Any CPU
		{19F269CD-FE24-4D16-808F-6DC09611A29B}.Debug|Any CPU.Build.0 = Debug|Any CPU
		{19F269CD-FE24-4D16-808F-6DC09611A29B}.Release|Any CPU.ActiveCfg = Release|Any CPU
		{19F269CD-FE24-4D16-808F-6DC09611A29B}.Release|Any CPU.Build.0 = Release|Any CPU
	EndGlobalSection
	GlobalSection(SolutionProperties) = preSolution
		HideSolutionNode = FALSE
	EndGlobalSection
	GlobalSection(ExtensibilityGlobals) = postSolution
		SolutionGuid = {FC2B6B41-ECFF-4410-BA3F-B9AA6123F8F5}
	EndGlobalSection
EndGlobal
